
Microsoft Visual Studio Solution File, Format Version 12.00
# Visual Studio Version 17
VisualStudioVersion = 17.7.34024.191
MinimumVisualStudioVersion = 10.0.40219.1
Project("{FAE04EC0-301F-11D3-BF4B-00C04F79EFBC}") = "lab03", "lab03\lab03.csproj", "{3644B9AF-B6E7-4737-9B41-0DE38717875A}"
EndProject
Global
	GlobalSection(SolutionConfigurationPlatforms) = preSolution
		Debug|Any CPU = Debug|Any CPU
		Release|Any CPU = Release|Any CPU
	EndGlobalSection
	GlobalSection(ProjectConfigurationPlatforms) = postSolution
		{3644B9AF-B6E7-4737-9B41-0DE38717875A}.Debug|Any CPU.ActiveCfg = Debug|Any CPU
		{3644B9AF-B6E7-4737-9B41-0DE38717875A}.Debug|Any CPU.Build.0 = Debug|Any CPU
		{3644B9AF-B6E7-4737-9B41-0DE38717875A}.Release|Any CPU.ActiveCfg = Release|Any CPU
		{3644B9AF-B6E7-4737-9B41-0DE38717875A}.Release|Any CPU.Build.0 = Release|Any CPU
	EndGlobalSection
	GlobalSection(SolutionProperties) = preSolution
		HideSolutionNode = FALSE
	EndGlobalSection
	GlobalSection(ExtensibilityGlobals) = postSolution
		SolutionGuid = {76FB101F-7DE9-4601-818C-939F42C35AB7}
	EndGlobalSection
EndGlobal
